{
  "version": 4,
  "terraform_version": "1.14.3",
  "serial": 6,
  "lineage": "ba2e38ce-7bcb-3668-576d-5a49873bff14",
  "outputs": {
    "instance_ip": {
      "value": "51.79.101.181",
      "type": "string"
    }
  },
  "resources": [
    {
      "mode": "managed",
      "type": "openstack_compute_instance_v2",
      "name": "test_instance",
      "provider": "provider[\"registry.terraform.io/terraform-provider-openstack/openstack\"]",
      "instances": [
        {
          "schema_version": 0,
          "attributes": {
            "access_ip_v4": "51.79.101.181",
            "access_ip_v6": "[2607:5300:205:300::50c]",
            "admin_pass": null,
            "all_metadata": {},
            "all_tags": [],
            "availability_zone": "nova",
            "availability_zone_hints": null,
            "block_device": [],
            "config_drive": null,
            "created": "2025-12-26 09:08:08 +0000 UTC",
            "flavor_id": "06500e51-529e-41ec-87f4-f0d0ecf2c5ec",
            "flavor_name": "b3-8",
            "floating_ip": null,
            "force_delete": false,
            "id": "01d7cbcc-1b6d-4d0b-a7b6-7b6b464c738f",
            "image_id": "342ba744-edee-4f45-86d9-87adf185fd51",
            "image_name": "Ubuntu 24.04",
            "key_pair": "terraform-key",
            "metadata": null,
            "name": "terraform-test-instance",
            "network": [
              {
                "access_network": false,
                "fixed_ip_v4": "51.79.101.181",
                "fixed_ip_v6": "[2607:5300:205:300::50c]",
                "floating_ip": "",
                "mac": "fa:16:3e:b1:cf:03",
                "name": "Ext-Net",
                "port": "",
                "uuid": "d7eaf2f8-d9d8-465b-9244-fd4736660570"
              }
            ],
            "network_mode": null,
            "personality": [],
            "power_state": "active",
            "region": "BHS5",
            "scheduler_hints": [],
            "security_groups": [
              "default"
            ],
            "stop_before_destroy": false,
            "tags": null,
            "timeouts": null,
            "updated": "2025-12-26 09:08:55 +0000 UTC",
            "user_data": null,
            "vendor_options": [],
            "volume": []
          },
          "sensitive_attributes": [
            [
              {
                "type": "get_attr",
                "value": "admin_pass"
              }
            ]
          ],
          "identity_schema_version": 0,
          "private": "eyJlMmJmYjczMC1lY2FhLTExZTYtOGY4OC0zNDM2M2JjN2M0YzAiOnsiY3JlYXRlIjoxODAwMDAwMDAwMDAwLCJkZWxldGUiOjE4MDAwMDAwMDAwMDAsInVwZGF0ZSI6MTgwMDAwMDAwMDAwMH19",
          "dependencies": [
            "openstack_compute_keypair_v2.keypair"
          ]
        }
      ]
    },
    {
      "mode": "managed",
      "type": "openstack_compute_keypair_v2",
      "name": "keypair",
      "provider": "provider[\"registry.terraform.io/terraform-provider-openstack/openstack\"]",
      "instances": [
        {
          "schema_version": 0,
          "attributes": {
            "fingerprint": "e8:2f:ca:53:b3:ef:8d:46:9a:10:43:a8:a6:ab:6e:f0",
            "id": "terraform-key",
            "name": "terraform-key",
            "private_key": "",
            "public_key": "ssh-rsa AAAAB3NzaC1yc2EAAAADAQABAAACAQCo5/VYzECa2ZpCWWminYGM1Is1a7iOYThqv9WaIuQu0YJeI+PeFIdtBZ56YDQ5xcMyv/d19WOmauJEo6rdEnfbZwdLfwwmwaWqX/hehij1p53Sy7I2qpSwBwRoOx6xl1LscSQeaagY0ds1o3ppUXgTuCqZgHE2cKiDoSM8qWeqDjeoOsNbG+/be27T0/5QjUB1QvjsAfMhUbFHbeKgPwWAJ3sBvmIdkdDPZRaPRnRyWxXT2I2N88kFd47kYS2oaa8A67LTEME4z8CRtPKt1wb88DeiOj30iUFh2JUoHTtfqzvYqwsKK70GPOnGeSHz8Hz7//+pG2HbBxt172xLKoop7VaGxyi+I7KXd9xKR3WWz8xPdFWQsGJYQ3/Fi5j0s3THAGyW251d6hCSkZKcqwykxIVk0Zeq5zLKsRLn5a6Q6ppj+4Ql0bbAUaIU8LdV3QpSftseZuJjc70fp3l63jKXHSi+3x5NkffiHWNjoRelQHbCryX5lMjTfp6kEw8rvMcPzNpxRMMPEsVtiBqMEDdg66mzHnYBBaJRVda4GSEYhJa/xa6uo9Pb9s41yg3MS9hfkE+VfkLEUQpJ1TL+1z0YVfqWy3a4nEtUgeBQQG14OvzkGy0toitsxcb4du7LbUz0aklpoi4yGpQLKTc1/lEhCAY/WUXFlC1DDufLsRCr+Q== dell latitude@DESKTOP-QJQB0F4\r\n",
            "region": "BHS5",
            "user_id": "",
            "value_specs": null
          },
          "sensitive_attributes": [
            [
              {
                "type": "get_attr",
                "value": "private_key"
              }
            ]
          ],
          "identity_schema_version": 0,
          "private": "bnVsbA=="
        }
      ]
    }
  ],
  "check_results": null
}
